
Microsoft Visual Studio Solution File, Format Version 12.00
# Visual Studio Version 17
VisualStudioVersion = 17.0.31903.59
MinimumVisualStudioVersion = 10.0.40219.1
Project("{FAE04EC0-301F-11D3-BF4B-00C04F79EFBC}") = "NewsParser.API", "NewsParser.API\NewsParser.API.csproj", "{129D8814-33DE-480A-9CFD-5838E78CBB91}"
EndProject
Project("{FAE04EC0-301F-11D3-BF4B-00C04F79EFBC}") = "NewsParser.Core", "NewsParser.Core\NewsParser.Core.csproj", "{758D4D5A-85B5-4977-AA92-4592F19F9D00}"
EndProject
Project("{FAE04EC0-301F-11D3-BF4B-00C04F79EFBC}") = "NewsParser.Infrastructure", "NewsParser.Infrastructure\NewsParser.Infrastructure.csproj", "{10A76AAD-711A-429C-A7CF-489CE21085B9}"
EndProject
Global
	GlobalSection(SolutionConfigurationPlatforms) = preSolution
		Debug|Any CPU = Debug|Any CPU
		Release|Any CPU = Release|Any CPU
	EndGlobalSection
	GlobalSection(SolutionProperties) = preSolution
		HideSolutionNode = FALSE
	EndGlobalSection
	GlobalSection(ProjectConfigurationPlatforms) = postSolution
		{129D8814-33DE-480A-9CFD-5838E78CBB91}.Debug|Any CPU.ActiveCfg = Debug|Any CPU
		{129D8814-33DE-480A-9CFD-5838E78CBB91}.Debug|Any CPU.Build.0 = Debug|Any CPU
		{129D8814-33DE-480A-9CFD-5838E78CBB91}.Release|Any CPU.ActiveCfg = Release|Any CPU
		{129D8814-33DE-480A-9CFD-5838E78CBB91}.Release|Any CPU.Build.0 = Release|Any CPU
		{758D4D5A-85B5-4977-AA92-4592F19F9D00}.Debug|Any CPU.ActiveCfg = Debug|Any CPU
		{758D4D5A-85B5-4977-AA92-4592F19F9D00}.Debug|Any CPU.Build.0 = Debug|Any CPU
		{758D4D5A-85B5-4977-AA92-4592F19F9D00}.Release|Any CPU.ActiveCfg = Release|Any CPU
		{758D4D5A-85B5-4977-AA92-4592F19F9D00}.Release|Any CPU.Build.0 = Release|Any CPU
		{10A76AAD-711A-429C-A7CF-489CE21085B9}.Debug|Any CPU.ActiveCfg = Debug|Any CPU
		{10A76AAD-711A-429C-A7CF-489CE21085B9}.Debug|Any CPU.Build.0 = Debug|Any CPU
		{10A76AAD-711A-429C-A7CF-489CE21085B9}.Release|Any CPU.ActiveCfg = Release|Any CPU
		{10A76AAD-711A-429C-A7CF-489CE21085B9}.Release|Any CPU.Build.0 = Release|Any CPU
	EndGlobalSection
EndGlobal
